
Microsoft Visual Studio Solution File, Format Version 12.00
# Visual Studio Version 16
VisualStudioVersion = 16.0.29411.108
MinimumVisualStudioVersion = 10.0.40219.1
Project("{9A19103F-16F7-4668-BE54-9A1E7A4F7556}") = "DevPortal.Web", "DevPortal.Web\DevPortal.Web.csproj", "{ED183CF9-A9F7-48AD-A80C-AEEEC4707A49}"
EndProject
Project("{9A19103F-16F7-4668-BE54-9A1E7A4F7556}") = "DevPortal.Business", "DevPortal.Business\DevPortal.Business.csproj", "{4369DC8B-EFAF-402E-846F-1363802BDE9D}"
EndProject
Project("{9A19103F-16F7-4668-BE54-9A1E7A4F7556}") = "DevPortal.Business.Abstract", "DevPortal.Business.Abstract\DevPortal.Business.Abstract.csproj", "{5719A3DC-969C-47EB-AC5A-22CD7C774183}"
EndProject
Project("{9A19103F-16F7-4668-BE54-9A1E7A4F7556}") = "DevPortal.Data", "DevPortal.Data\DevPortal.Data.csproj", "{76041EC0-127F-4B47-9B23-9CB5A9270CE8}"
EndProject
Project("{9A19103F-16F7-4668-BE54-9A1E7A4F7556}") = "DevPortal.Data.Abstract", "DevPortal.Data.Abstract\DevPortal.Data.Abstract.csproj", "{5E0F5EB5-7AD4-4ED1-A793-A9FB44F07828}"
EndProject
Project("{9A19103F-16F7-4668-BE54-9A1E7A4F7556}") = "DevPortal.Ioc", "DevPortal.Ioc\DevPortal.Ioc.csproj", "{CEFDFF1E-D42C-43A3-86F7-007656A8A517}"
EndProject
Project("{9A19103F-16F7-4668-BE54-9A1E7A4F7556}") = "DevPortal.UnitTests", "DevPortal.UnitTests\DevPortal.UnitTests.csproj", "{EFB076E6-8C3C-410F-8058-BCA7C146C2A9}"
EndProject
Project("{9A19103F-16F7-4668-BE54-9A1E7A4F7556}") = "DevPortal.Model", "DevPortal.Model\DevPortal.Model.csproj", "{A46064C8-C432-4550-AF99-55A7AF41E803}"
EndProject
Project("{2150E333-8FDC-42A3-9474-1A3956D46DE8}") = "Cryptography", "Cryptography", "{58E1AB5E-BBAF-488D-A70C-46F65698B2F5}"
EndProject
Project("{2150E333-8FDC-42A3-9474-1A3956D46DE8}") = "JenkinsManager", "JenkinsManager", "{CB1A9D63-E1E9-474E-B37F-7CEE794737D5}"
EndProject
Project("{9A19103F-16F7-4668-BE54-9A1E7A4F7556}") = "DevPortal.Cryptography.Business.Abstract", "Modules\DevPortal.Cryptography.Business.Abstract\DevPortal.Cryptography.Business.Abstract.csproj", "{29DC4647-3C51-4D2D-9336-52CABB0B6374}"
EndProject
Project("{9A19103F-16F7-4668-BE54-9A1E7A4F7556}") = "DevPortal.Cryptography.Business", "Modules\DevPortal.Cryptography.Business\DevPortal.Cryptography.Business.csproj", "{09D24865-63AB-46AC-A321-0451F71E6A84}"
EndProject
Project("{9A19103F-16F7-4668-BE54-9A1E7A4F7556}") = "DevPortal.Cryptography.Model", "Modules\DevPortal.Cryptography.Model\DevPortal.Cryptography.Model.csproj", "{70B369D6-9CE0-4493-9F74-BB11ECFFFB5E}"
EndProject
Project("{9A19103F-16F7-4668-BE54-9A1E7A4F7556}") = "DevPortal.Framework.Abstract", "DevPortal.Framework.Abstract\DevPortal.Framework.Abstract.csproj", "{D7749B30-B389-4300-9F53-34810BCD16C5}"
EndProject
Project("{9A19103F-16F7-4668-BE54-9A1E7A4F7556}") = "DevPortal.Framework", "DevPortal.Framework\DevPortal.Framework.csproj", "{1B01A510-84B5-4B65-8FBF-69D95154C8EC}"
EndProject
Project("{9A19103F-16F7-4668-BE54-9A1E7A4F7556}") = "DevPortal.Web.Library", "DevPortal.Web.Library\DevPortal.Web.Library.csproj", "{77A83DF0-D5FB-4762-8E7E-33DCCCB84890}"
EndProject
Project("{9A19103F-16F7-4668-BE54-9A1E7A4F7556}") = "DevPortal.Web.Library.Model", "DevPortal.Web.Library.Model\DevPortal.Web.Library.Model.csproj", "{34606990-F4C1-4230-A878-6E33BBE65F90}"
EndProject
Project("{2150E333-8FDC-42A3-9474-1A3956D46DE8}") = "LogManager", "LogManager", "{1CC88157-BB94-437D-93E5-EE2218ADEC42}"
EndProject
Project("{9A19103F-16F7-4668-BE54-9A1E7A4F7556}") = "DevPortal.Log.Business.Abstract", "Modules\DevPortal.Log.Business.Abstract\DevPortal.Log.Business.Abstract.csproj", "{5729E071-589D-4A4F-B2DD-E562E3852E2C}"
EndProject
Project("{9A19103F-16F7-4668-BE54-9A1E7A4F7556}") = "DevPortal.Log.Business", "Modules\DevPortal.Log.Business\DevPortal.Log.Business.csproj", "{BC4B5DF3-93DF-4EBE-A643-C782D06A9237}"
EndProject
Project("{9A19103F-16F7-4668-BE54-9A1E7A4F7556}") = "DevPortal.Framework.Model", "DevPortal.Framework.Model\DevPortal.Framework.Model.csproj", "{B760325F-1354-48C4-82A7-C20938044B9F}"
EndProject
Project("{2150E333-8FDC-42A3-9474-1A3956D46DE8}") = "Framework", "Framework", "{F28F8D8B-54FF-4A7E-A115-EBF60EBCD05E}"
EndProject
Project("{2150E333-8FDC-42A3-9474-1A3956D46DE8}") = "Business", "Business", "{90FFD5D5-B459-40CE-94B7-43C5BE325920}"
EndProject
Project("{2150E333-8FDC-42A3-9474-1A3956D46DE8}") = "Data", "Data", "{3BBEE9C8-151C-4D3B-A9D6-0AC0896F9C5D}"
EndProject
Project("{2150E333-8FDC-42A3-9474-1A3956D46DE8}") = "Modules", "Modules", "{63A9ECB6-36FE-44A4-A0D9-B296CB1227CC}"
EndProject
Project("{2150E333-8FDC-42A3-9474-1A3956D46DE8}") = "Web", "Web", "{A5EE41D9-0313-4CCC-91E7-BC33DD837255}"
EndProject
Project("{9A19103F-16F7-4668-BE54-9A1E7A4F7556}") = "DevPortal.Web.Library.Abstract", "DevPortal.Web.Library.Abstract\DevPortal.Web.Library.Abstract.csproj", "{D929B954-7164-481F-849E-408B01F4F896}"
EndProject
Project("{2150E333-8FDC-42A3-9474-1A3956D46DE8}") = "NugetManager", "NugetManager", "{D488219B-D146-4C85-A7A4-74659F420AED}"
EndProject
Project("{9A19103F-16F7-4668-BE54-9A1E7A4F7556}") = "DevPortal.NugetManager.Business", "Modules\DevPortal.NugetManager.Business\DevPortal.NugetManager.Business.csproj", "{8F966CE2-8E6C-4771-B6DC-D61C7D7C2F68}"
EndProject
Project("{9A19103F-16F7-4668-BE54-9A1E7A4F7556}") = "DevPortal.NugetManager.Business.Abstract", "Modules\DevPortal.NugetManager.Business.Abstract\DevPortal.NugetManager.Business.Abstract.csproj", "{EC7EF62B-3E69-4DC7-A658-E056195D8739}"
EndProject
Project("{9A19103F-16F7-4668-BE54-9A1E7A4F7556}") = "DevPortal.NugetManager.Model", "Modules\DevPortal.NugetManager.Model\DevPortal.NugetManager.Model.csproj", "{94D0E9E2-2647-44D9-A62D-9D266AA0C3F7}"
EndProject
Project("{2150E333-8FDC-42A3-9474-1A3956D46DE8}") = "SvnAdmin", "SvnAdmin", "{A64D54EB-D481-490A-A594-331A5E750A09}"
EndProject
Project("{9A19103F-16F7-4668-BE54-9A1E7A4F7556}") = "DevPortal.SvnAdmin.Business", "Modules\DevPortal.SvnAdmin.Business\DevPortal.SvnAdmin.Business.csproj", "{E2970C64-154B-4D6B-AFB4-43518C3DFFE5}"
EndProject
Project("{9A19103F-16F7-4668-BE54-9A1E7A4F7556}") = "DevPortal.SvnAdmin.Business.Abstract", "Modules\DevPortal.SvnAdmin.Business.Abstract\DevPortal.SvnAdmin.Business.Abstract.csproj", "{C2BEFAD3-D43B-4486-ACB2-A07C44E10CB3}"
EndProject
Project("{9A19103F-16F7-4668-BE54-9A1E7A4F7556}") = "DevPortal.SvnAdmin.Model", "Modules\DevPortal.SvnAdmin.Model\DevPortal.SvnAdmin.Model.csproj", "{B7545ED5-12CB-4BED-AABF-45BBDF6AB563}"
EndProject
Project("{9A19103F-16F7-4668-BE54-9A1E7A4F7556}") = "DevPortal.SvnAdmin.Data.Abstract", "Modules\DevPortal.SvnAdmin.Data.Abstract\DevPortal.SvnAdmin.Data.Abstract.csproj", "{72B56308-62BF-47B8-9AE4-1C4CEA19CDE5}"
EndProject
Project("{9A19103F-16F7-4668-BE54-9A1E7A4F7556}") = "DevPortal.SvnAdmin.Data", "Modules\DevPortal.SvnAdmin.Data\DevPortal.SvnAdmin.Data.csproj", "{F5815CCC-91A1-4778-80B3-A79B83E4EA9E}"
EndProject
Project("{9A19103F-16F7-4668-BE54-9A1E7A4F7556}") = "DevPortal.Validation", "DevPortal.Validation\DevPortal.Validation.csproj", "{4C910F3E-2C7C-4678-9AD1-0A369120C6AC}"
EndProject
Project("{2150E333-8FDC-42A3-9474-1A3956D46DE8}") = "Validation", "Validation", "{C7955113-83F6-4A23-9B80-E19BB971B987}"
EndProject
Project("{9A19103F-16F7-4668-BE54-9A1E7A4F7556}") = "DevPortal.Resources", "DevPortal.Resources\DevPortal.Resources.csproj", "{FAEAB95B-E035-4294-B86A-BF959F726B42}"
EndProject
Project("{9A19103F-16F7-4668-BE54-9A1E7A4F7556}") = "DevPortal.JenkinsManager.Business", "Modules\DevPortal.JenkinsManager.Business\DevPortal.JenkinsManager.Business.csproj", "{90A51026-9E5E-485E-A100-4E4D9C7B532B}"
EndProject
Project("{9A19103F-16F7-4668-BE54-9A1E7A4F7556}") = "DevPortal.JenkinsManager.Business.Abstract", "Modules\DevPortal.JenkinsManager.Business.Abstract\DevPortal.JenkinsManager.Business.Abstract.csproj", "{53F8D38D-2FAD-4122-89B1-FA75ED5AC391}"
EndProject
Project("{2150E333-8FDC-42A3-9474-1A3956D46DE8}") = "Identity", "Identity", "{F33BD451-E2B6-494C-8F4F-ABDCBCBCC1EF}"
EndProject
Project("{9A19103F-16F7-4668-BE54-9A1E7A4F7556}") = "DevPortal.Identity.Data", "DevPortal.Identity.Data\DevPortal.Identity.Data.csproj", "{4C3BE91C-3118-40B0-9C12-C9CBF9CA1ECE}"
EndProject
Project("{9A19103F-16F7-4668-BE54-9A1E7A4F7556}") = "DevPortal.Identity.Business", "DevPortal.Identity.Business\DevPortal.Identity.Business.csproj", "{FF672889-28F2-4DE9-80C1-0C42BD97DC72}"
EndProject
Project("{9A19103F-16F7-4668-BE54-9A1E7A4F7556}") = "DevPortal.Identity.Business.Abstract", "DevPortal.Identity.Business.Abstract\DevPortal.Identity.Business.Abstract.csproj", "{69C458D0-18FB-485C-92D3-C0CF33B3A7AD}"
EndProject
Project("{9A19103F-16F7-4668-BE54-9A1E7A4F7556}") = "DevPortal.JenkinsManager.Model", "Modules\DevPortal.JenkinsManager.Model\DevPortal.JenkinsManager.Model.csproj", "{B3BB7190-FAF0-49BA-A087-4FB6EFB3FCD8}"
EndProject
Global
	GlobalSection(SolutionConfigurationPlatforms) = preSolution
		Debug|Any CPU = Debug|Any CPU
		Dev|Any CPU = Dev|Any CPU
		Local|Any CPU = Local|Any CPU
		Prod|Any CPU = Prod|Any CPU
		Release|Any CPU = Release|Any CPU
	EndGlobalSection
	GlobalSection(ProjectConfigurationPlatforms) = postSolution
		{ED183CF9-A9F7-48AD-A80C-AEEEC4707A49}.Debug|Any CPU.ActiveCfg = Dev|Any CPU
		{ED183CF9-A9F7-48AD-A80C-AEEEC4707A49}.Debug|Any CPU.Build.0 = Dev|Any CPU
		{ED183CF9-A9F7-48AD-A80C-AEEEC4707A49}.Dev|Any CPU.ActiveCfg = Dev|Any CPU
		{ED183CF9-A9F7-48AD-A80C-AEEEC4707A49}.Dev|Any CPU.Build.0 = Dev|Any CPU
		{ED183CF9-A9F7-48AD-A80C-AEEEC4707A49}.Local|Any CPU.ActiveCfg = Local|Any CPU
		{ED183CF9-A9F7-48AD-A80C-AEEEC4707A49}.Local|Any CPU.Build.0 = Local|Any CPU
		{ED183CF9-A9F7-48AD-A80C-AEEEC4707A49}.Prod|Any CPU.ActiveCfg = Prod|Any CPU
		{ED183CF9-A9F7-48AD-A80C-AEEEC4707A49}.Prod|Any CPU.Build.0 = Prod|Any CPU
		{ED183CF9-A9F7-48AD-A80C-AEEEC4707A49}.Release|Any CPU.ActiveCfg = Prod|Any CPU
		{ED183CF9-A9F7-48AD-A80C-AEEEC4707A49}.Release|Any CPU.Build.0 = Prod|Any CPU
		{4369DC8B-EFAF-402E-846F-1363802BDE9D}.Debug|Any CPU.ActiveCfg = Debug|Any CPU
		{4369DC8B-EFAF-402E-846F-1363802BDE9D}.Debug|Any CPU.Build.0 = Debug|Any CPU
		{4369DC8B-EFAF-402E-846F-1363802BDE9D}.Dev|Any CPU.ActiveCfg = Debug|Any CPU
		{4369DC8B-EFAF-402E-846F-1363802BDE9D}.Dev|Any CPU.Build.0 = Debug|Any CPU
		{4369DC8B-EFAF-402E-846F-1363802BDE9D}.Local|Any CPU.ActiveCfg = Debug|Any CPU
		{4369DC8B-EFAF-402E-846F-1363802BDE9D}.Local|Any CPU.Build.0 = Debug|Any CPU
		{4369DC8B-EFAF-402E-846F-1363802BDE9D}.Prod|Any CPU.ActiveCfg = Release|Any CPU
		{4369DC8B-EFAF-402E-846F-1363802BDE9D}.Prod|Any CPU.Build.0 = Release|Any CPU
		{4369DC8B-EFAF-402E-846F-1363802BDE9D}.Release|Any CPU.ActiveCfg = Release|Any CPU
		{4369DC8B-EFAF-402E-846F-1363802BDE9D}.Release|Any CPU.Build.0 = Release|Any CPU
		{5719A3DC-969C-47EB-AC5A-22CD7C774183}.Debug|Any CPU.ActiveCfg = Debug|Any CPU
		{5719A3DC-969C-47EB-AC5A-22CD7C774183}.Debug|Any CPU.Build.0 = Debug|Any CPU
		{5719A3DC-969C-47EB-AC5A-22CD7C774183}.Dev|Any CPU.ActiveCfg = Debug|Any CPU
		{5719A3DC-969C-47EB-AC5A-22CD7C774183}.Dev|Any CPU.Build.0 = Debug|Any CPU
		{5719A3DC-969C-47EB-AC5A-22CD7C774183}.Local|Any CPU.ActiveCfg = Debug|Any CPU
		{5719A3DC-969C-47EB-AC5A-22CD7C774183}.Local|Any CPU.Build.0 = Debug|Any CPU
		{5719A3DC-969C-47EB-AC5A-22CD7C774183}.Prod|Any CPU.ActiveCfg = Release|Any CPU
		{5719A3DC-969C-47EB-AC5A-22CD7C774183}.Prod|Any CPU.Build.0 = Release|Any CPU
		{5719A3DC-969C-47EB-AC5A-22CD7C774183}.Release|Any CPU.ActiveCfg = Release|Any CPU
		{5719A3DC-969C-47EB-AC5A-22CD7C774183}.Release|Any CPU.Build.0 = Release|Any CPU
		{76041EC0-127F-4B47-9B23-9CB5A9270CE8}.Debug|Any CPU.ActiveCfg = Debug|Any CPU
		{76041EC0-127F-4B47-9B23-9CB5A9270CE8}.Debug|Any CPU.Build.0 = Debug|Any CPU
		{76041EC0-127F-4B47-9B23-9CB5A9270CE8}.Dev|Any CPU.ActiveCfg = Debug|Any CPU
		{76041EC0-127F-4B47-9B23-9CB5A9270CE8}.Dev|Any CPU.Build.0 = Debug|Any CPU
		{76041EC0-127F-4B47-9B23-9CB5A9270CE8}.Local|Any CPU.ActiveCfg = Debug|Any CPU
		{76041EC0-127F-4B47-9B23-9CB5A9270CE8}.Local|Any CPU.Build.0 = Debug|Any CPU
		{76041EC0-127F-4B47-9B23-9CB5A9270CE8}.Prod|Any CPU.ActiveCfg = Release|Any CPU
		{76041EC0-127F-4B47-9B23-9CB5A9270CE8}.Prod|Any CPU.Build.0 = Release|Any CPU
		{76041EC0-127F-4B47-9B23-9CB5A9270CE8}.Release|Any CPU.ActiveCfg = Release|Any CPU
		{76041EC0-127F-4B47-9B23-9CB5A9270CE8}.Release|Any CPU.Build.0 = Release|Any CPU
		{5E0F5EB5-7AD4-4ED1-A793-A9FB44F07828}.Debug|Any CPU.ActiveCfg = Debug|Any CPU
		{5E0F5EB5-7AD4-4ED1-A793-A9FB44F07828}.Debug|Any CPU.Build.0 = Debug|Any CPU
		{5E0F5EB5-7AD4-4ED1-A793-A9FB44F07828}.Dev|Any CPU.ActiveCfg = Debug|Any CPU
		{5E0F5EB5-7AD4-4ED1-A793-A9FB44F07828}.Dev|Any CPU.Build.0 = Debug|Any CPU
		{5E0F5EB5-7AD4-4ED1-A793-A9FB44F07828}.Local|Any CPU.ActiveCfg = Debug|Any CPU
		{5E0F5EB5-7AD4-4ED1-A793-A9FB44F07828}.Local|Any CPU.Build.0 = Debug|Any CPU
		{5E0F5EB5-7AD4-4ED1-A793-A9FB44F07828}.Prod|Any CPU.ActiveCfg = Release|Any CPU
		{5E0F5EB5-7AD4-4ED1-A793-A9FB44F07828}.Prod|Any CPU.Build.0 = Release|Any CPU
		{5E0F5EB5-7AD4-4ED1-A793-A9FB44F07828}.Release|Any CPU.ActiveCfg = Release|Any CPU
		{5E0F5EB5-7AD4-4ED1-A793-A9FB44F07828}.Release|Any CPU.Build.0 = Release|Any CPU
		{CEFDFF1E-D42C-43A3-86F7-007656A8A517}.Debug|Any CPU.ActiveCfg = Debug|Any CPU
		{CEFDFF1E-D42C-43A3-86F7-007656A8A517}.Debug|Any CPU.Build.0 = Debug|Any CPU
		{CEFDFF1E-D42C-43A3-86F7-007656A8A517}.Dev|Any CPU.ActiveCfg = Debug|Any CPU
		{CEFDFF1E-D42C-43A3-86F7-007656A8A517}.Dev|Any CPU.Build.0 = Debug|Any CPU
		{CEFDFF1E-D42C-43A3-86F7-007656A8A517}.Local|Any CPU.ActiveCfg = Debug|Any CPU
		{CEFDFF1E-D42C-43A3-86F7-007656A8A517}.Local|Any CPU.Build.0 = Debug|Any CPU
		{CEFDFF1E-D42C-43A3-86F7-007656A8A517}.Prod|Any CPU.ActiveCfg = Release|Any CPU
		{CEFDFF1E-D42C-43A3-86F7-007656A8A517}.Prod|Any CPU.Build.0 = Release|Any CPU
		{CEFDFF1E-D42C-43A3-86F7-007656A8A517}.Release|Any CPU.ActiveCfg = Release|Any CPU
		{CEFDFF1E-D42C-43A3-86F7-007656A8A517}.Release|Any CPU.Build.0 = Release|Any CPU
		{EFB076E6-8C3C-410F-8058-BCA7C146C2A9}.Debug|Any CPU.ActiveCfg = Debug|Any CPU
		{EFB076E6-8C3C-410F-8058-BCA7C146C2A9}.Debug|Any CPU.Build.0 = Debug|Any CPU
		{EFB076E6-8C3C-410F-8058-BCA7C146C2A9}.Dev|Any CPU.ActiveCfg = Debug|Any CPU
		{EFB076E6-8C3C-410F-8058-BCA7C146C2A9}.Dev|Any CPU.Build.0 = Debug|Any CPU
		{EFB076E6-8C3C-410F-8058-BCA7C146C2A9}.Local|Any CPU.ActiveCfg = Debug|Any CPU
		{EFB076E6-8C3C-410F-8058-BCA7C146C2A9}.Local|Any CPU.Build.0 = Debug|Any CPU
		{EFB076E6-8C3C-410F-8058-BCA7C146C2A9}.Prod|Any CPU.ActiveCfg = Release|Any CPU
		{EFB076E6-8C3C-410F-8058-BCA7C146C2A9}.Prod|Any CPU.Build.0 = Release|Any CPU
		{EFB076E6-8C3C-410F-8058-BCA7C146C2A9}.Release|Any CPU.ActiveCfg = Release|Any CPU
		{EFB076E6-8C3C-410F-8058-BCA7C146C2A9}.Release|Any CPU.Build.0 = Release|Any CPU
		{A46064C8-C432-4550-AF99-55A7AF41E803}.Debug|Any CPU.ActiveCfg = Debug|Any CPU
		{A46064C8-C432-4550-AF99-55A7AF41E803}.Debug|Any CPU.Build.0 = Debug|Any CPU
		{A46064C8-C432-4550-AF99-55A7AF41E803}.Dev|Any CPU.ActiveCfg = Debug|Any CPU
		{A46064C8-C432-4550-AF99-55A7AF41E803}.Dev|Any CPU.Build.0 = Debug|Any CPU
		{A46064C8-C432-4550-AF99-55A7AF41E803}.Local|Any CPU.ActiveCfg = Debug|Any CPU
		{A46064C8-C432-4550-AF99-55A7AF41E803}.Local|Any CPU.Build.0 = Debug|Any CPU
		{A46064C8-C432-4550-AF99-55A7AF41E803}.Prod|Any CPU.ActiveCfg = Release|Any CPU
		{A46064C8-C432-4550-AF99-55A7AF41E803}.Prod|Any CPU.Build.0 = Release|Any CPU
		{A46064C8-C432-4550-AF99-55A7AF41E803}.Release|Any CPU.ActiveCfg = Release|Any CPU
		{A46064C8-C432-4550-AF99-55A7AF41E803}.Release|Any CPU.Build.0 = Release|Any CPU
		{29DC4647-3C51-4D2D-9336-52CABB0B6374}.Debug|Any CPU.ActiveCfg = Debug|Any CPU
		{29DC4647-3C51-4D2D-9336-52CABB0B6374}.Debug|Any CPU.Build.0 = Debug|Any CPU
		{29DC4647-3C51-4D2D-9336-52CABB0B6374}.Dev|Any CPU.ActiveCfg = Debug|Any CPU
		{29DC4647-3C51-4D2D-9336-52CABB0B6374}.Dev|Any CPU.Build.0 = Debug|Any CPU
		{29DC4647-3C51-4D2D-9336-52CABB0B6374}.Local|Any CPU.ActiveCfg = Debug|Any CPU
		{29DC4647-3C51-4D2D-9336-52CABB0B6374}.Local|Any CPU.Build.0 = Debug|Any CPU
		{29DC4647-3C51-4D2D-9336-52CABB0B6374}.Prod|Any CPU.ActiveCfg = Release|Any CPU
		{29DC4647-3C51-4D2D-9336-52CABB0B6374}.Prod|Any CPU.Build.0 = Release|Any CPU
		{29DC4647-3C51-4D2D-9336-52CABB0B6374}.Release|Any CPU.ActiveCfg = Release|Any CPU
		{29DC4647-3C51-4D2D-9336-52CABB0B6374}.Release|Any CPU.Build.0 = Release|Any CPU
		{09D24865-63AB-46AC-A321-0451F71E6A84}.Debug|Any CPU.ActiveCfg = Debug|Any CPU
		{09D24865-63AB-46AC-A321-0451F71E6A84}.Debug|Any CPU.Build.0 = Debug|Any CPU
		{09D24865-63AB-46AC-A321-0451F71E6A84}.Dev|Any CPU.ActiveCfg = Debug|Any CPU
		{09D24865-63AB-46AC-A321-0451F71E6A84}.Dev|Any CPU.Build.0 = Debug|Any CPU
		{09D24865-63AB-46AC-A321-0451F71E6A84}.Local|Any CPU.ActiveCfg = Debug|Any CPU
		{09D24865-63AB-46AC-A321-0451F71E6A84}.Local|Any CPU.Build.0 = Debug|Any CPU
		{09D24865-63AB-46AC-A321-0451F71E6A84}.Prod|Any CPU.ActiveCfg = Release|Any CPU
		{09D24865-63AB-46AC-A321-0451F71E6A84}.Prod|Any CPU.Build.0 = Release|Any CPU
		{09D24865-63AB-46AC-A321-0451F71E6A84}.Release|Any CPU.ActiveCfg = Release|Any CPU
		{09D24865-63AB-46AC-A321-0451F71E6A84}.Release|Any CPU.Build.0 = Release|Any CPU
		{70B369D6-9CE0-4493-9F74-BB11ECFFFB5E}.Debug|Any CPU.ActiveCfg = Debug|Any CPU
		{70B369D6-9CE0-4493-9F74-BB11ECFFFB5E}.Debug|Any CPU.Build.0 = Debug|Any CPU
		{70B369D6-9CE0-4493-9F74-BB11ECFFFB5E}.Dev|Any CPU.ActiveCfg = Debug|Any CPU
		{70B369D6-9CE0-4493-9F74-BB11ECFFFB5E}.Dev|Any CPU.Build.0 = Debug|Any CPU
		{70B369D6-9CE0-4493-9F74-BB11ECFFFB5E}.Local|Any CPU.ActiveCfg = Debug|Any CPU
		{70B369D6-9CE0-4493-9F74-BB11ECFFFB5E}.Local|Any CPU.Build.0 = Debug|Any CPU
		{70B369D6-9CE0-4493-9F74-BB11ECFFFB5E}.Prod|Any CPU.ActiveCfg = Release|Any CPU
		{70B369D6-9CE0-4493-9F74-BB11ECFFFB5E}.Prod|Any CPU.Build.0 = Release|Any CPU
		{70B369D6-9CE0-4493-9F74-BB11ECFFFB5E}.Release|Any CPU.ActiveCfg = Release|Any CPU
		{70B369D6-9CE0-4493-9F74-BB11ECFFFB5E}.Release|Any CPU.Build.0 = Release|Any CPU
		{D7749B30-B389-4300-9F53-34810BCD16C5}.Debug|Any CPU.ActiveCfg = Debug|Any CPU
		{D7749B30-B389-4300-9F53-34810BCD16C5}.Debug|Any CPU.Build.0 = Debug|Any CPU
		{D7749B30-B389-4300-9F53-34810BCD16C5}.Dev|Any CPU.ActiveCfg = Debug|Any CPU
		{D7749B30-B389-4300-9F53-34810BCD16C5}.Dev|Any CPU.Build.0 = Debug|Any CPU
		{D7749B30-B389-4300-9F53-34810BCD16C5}.Local|Any CPU.ActiveCfg = Debug|Any CPU
		{D7749B30-B389-4300-9F53-34810BCD16C5}.Local|Any CPU.Build.0 = Debug|Any CPU
		{D7749B30-B389-4300-9F53-34810BCD16C5}.Prod|Any CPU.ActiveCfg = Release|Any CPU
		{D7749B30-B389-4300-9F53-34810BCD16C5}.Prod|Any CPU.Build.0 = Release|Any CPU
		{D7749B30-B389-4300-9F53-34810BCD16C5}.Release|Any CPU.ActiveCfg = Release|Any CPU
		{D7749B30-B389-4300-9F53-34810BCD16C5}.Release|Any CPU.Build.0 = Release|Any CPU
		{1B01A510-84B5-4B65-8FBF-69D95154C8EC}.Debug|Any CPU.ActiveCfg = Debug|Any CPU
		{1B01A510-84B5-4B65-8FBF-69D95154C8EC}.Debug|Any CPU.Build.0 = Debug|Any CPU
		{1B01A510-84B5-4B65-8FBF-69D95154C8EC}.Dev|Any CPU.ActiveCfg = Debug|Any CPU
		{1B01A510-84B5-4B65-8FBF-69D95154C8EC}.Dev|Any CPU.Build.0 = Debug|Any CPU
		{1B01A510-84B5-4B65-8FBF-69D95154C8EC}.Local|Any CPU.ActiveCfg = Debug|Any CPU
		{1B01A510-84B5-4B65-8FBF-69D95154C8EC}.Local|Any CPU.Build.0 = Debug|Any CPU
		{1B01A510-84B5-4B65-8FBF-69D95154C8EC}.Prod|Any CPU.ActiveCfg = Release|Any CPU
		{1B01A510-84B5-4B65-8FBF-69D95154C8EC}.Prod|Any CPU.Build.0 = Release|Any CPU
		{1B01A510-84B5-4B65-8FBF-69D95154C8EC}.Release|Any CPU.ActiveCfg = Release|Any CPU
		{1B01A510-84B5-4B65-8FBF-69D95154C8EC}.Release|Any CPU.Build.0 = Release|Any CPU
		{77A83DF0-D5FB-4762-8E7E-33DCCCB84890}.Debug|Any CPU.ActiveCfg = Debug|Any CPU
		{77A83DF0-D5FB-4762-8E7E-33DCCCB84890}.Debug|Any CPU.Build.0 = Debug|Any CPU
		{77A83DF0-D5FB-4762-8E7E-33DCCCB84890}.Dev|Any CPU.ActiveCfg = Debug|Any CPU
		{77A83DF0-D5FB-4762-8E7E-33DCCCB84890}.Dev|Any CPU.Build.0 = Debug|Any CPU
		{77A83DF0-D5FB-4762-8E7E-33DCCCB84890}.Local|Any CPU.ActiveCfg = Debug|Any CPU
		{77A83DF0-D5FB-4762-8E7E-33DCCCB84890}.Local|Any CPU.Build.0 = Debug|Any CPU
		{77A83DF0-D5FB-4762-8E7E-33DCCCB84890}.Prod|Any CPU.ActiveCfg = Release|Any CPU
		{77A83DF0-D5FB-4762-8E7E-33DCCCB84890}.Prod|Any CPU.Build.0 = Release|Any CPU
		{77A83DF0-D5FB-4762-8E7E-33DCCCB84890}.Release|Any CPU.ActiveCfg = Release|Any CPU
		{77A83DF0-D5FB-4762-8E7E-33DCCCB84890}.Release|Any CPU.Build.0 = Release|Any CPU
		{34606990-F4C1-4230-A878-6E33BBE65F90}.Debug|Any CPU.ActiveCfg = Debug|Any CPU
		{34606990-F4C1-4230-A878-6E33BBE65F90}.Debug|Any CPU.Build.0 = Debug|Any CPU
		{34606990-F4C1-4230-A878-6E33BBE65F90}.Dev|Any CPU.ActiveCfg = Debug|Any CPU
		{34606990-F4C1-4230-A878-6E33BBE65F90}.Dev|Any CPU.Build.0 = Debug|Any CPU
		{34606990-F4C1-4230-A878-6E33BBE65F90}.Local|Any CPU.ActiveCfg = Debug|Any CPU
		{34606990-F4C1-4230-A878-6E33BBE65F90}.Local|Any CPU.Build.0 = Debug|Any CPU
		{34606990-F4C1-4230-A878-6E33BBE65F90}.Prod|Any CPU.ActiveCfg = Release|Any CPU
		{34606990-F4C1-4230-A878-6E33BBE65F90}.Prod|Any CPU.Build.0 = Release|Any CPU
		{34606990-F4C1-4230-A878-6E33BBE65F90}.Release|Any CPU.ActiveCfg = Release|Any CPU
		{34606990-F4C1-4230-A878-6E33BBE65F90}.Release|Any CPU.Build.0 = Release|Any CPU
		{5729E071-589D-4A4F-B2DD-E562E3852E2C}.Debug|Any CPU.ActiveCfg = Debug|Any CPU
		{5729E071-589D-4A4F-B2DD-E562E3852E2C}.Debug|Any CPU.Build.0 = Debug|Any CPU
		{5729E071-589D-4A4F-B2DD-E562E3852E2C}.Dev|Any CPU.ActiveCfg = Debug|Any CPU
		{5729E071-589D-4A4F-B2DD-E562E3852E2C}.Dev|Any CPU.Build.0 = Debug|Any CPU
		{5729E071-589D-4A4F-B2DD-E562E3852E2C}.Local|Any CPU.ActiveCfg = Debug|Any CPU
		{5729E071-589D-4A4F-B2DD-E562E3852E2C}.Local|Any CPU.Build.0 = Debug|Any CPU
		{5729E071-589D-4A4F-B2DD-E562E3852E2C}.Prod|Any CPU.ActiveCfg = Release|Any CPU
		{5729E071-589D-4A4F-B2DD-E562E3852E2C}.Prod|Any CPU.Build.0 = Release|Any CPU
		{5729E071-589D-4A4F-B2DD-E562E3852E2C}.Release|Any CPU.ActiveCfg = Release|Any CPU
		{5729E071-589D-4A4F-B2DD-E562E3852E2C}.Release|Any CPU.Build.0 = Release|Any CPU
		{BC4B5DF3-93DF-4EBE-A643-C782D06A9237}.Debug|Any CPU.ActiveCfg = Debug|Any CPU
		{BC4B5DF3-93DF-4EBE-A643-C782D06A9237}.Debug|Any CPU.Build.0 = Debug|Any CPU
		{BC4B5DF3-93DF-4EBE-A643-C782D06A9237}.Dev|Any CPU.ActiveCfg = Debug|Any CPU
		{BC4B5DF3-93DF-4EBE-A643-C782D06A9237}.Dev|Any CPU.Build.0 = Debug|Any CPU
		{BC4B5DF3-93DF-4EBE-A643-C782D06A9237}.Local|Any CPU.ActiveCfg = Debug|Any CPU
		{BC4B5DF3-93DF-4EBE-A643-C782D06A9237}.Local|Any CPU.Build.0 = Debug|Any CPU
		{BC4B5DF3-93DF-4EBE-A643-C782D06A9237}.Prod|Any CPU.ActiveCfg = Release|Any CPU
		{BC4B5DF3-93DF-4EBE-A643-C782D06A9237}.Prod|Any CPU.Build.0 = Release|Any CPU
		{BC4B5DF3-93DF-4EBE-A643-C782D06A9237}.Release|Any CPU.ActiveCfg = Release|Any CPU
		{BC4B5DF3-93DF-4EBE-A643-C782D06A9237}.Release|Any CPU.Build.0 = Release|Any CPU
		{B760325F-1354-48C4-82A7-C20938044B9F}.Debug|Any CPU.ActiveCfg = Debug|Any CPU
		{B760325F-1354-48C4-82A7-C20938044B9F}.Debug|Any CPU.Build.0 = Debug|Any CPU
		{B760325F-1354-48C4-82A7-C20938044B9F}.Dev|Any CPU.ActiveCfg = Debug|Any CPU
		{B760325F-1354-48C4-82A7-C20938044B9F}.Dev|Any CPU.Build.0 = Debug|Any CPU
		{B760325F-1354-48C4-82A7-C20938044B9F}.Local|Any CPU.ActiveCfg = Debug|Any CPU
		{B760325F-1354-48C4-82A7-C20938044B9F}.Local|Any CPU.Build.0 = Debug|Any CPU
		{B760325F-1354-48C4-82A7-C20938044B9F}.Prod|Any CPU.ActiveCfg = Release|Any CPU
		{B760325F-1354-48C4-82A7-C20938044B9F}.Prod|Any CPU.Build.0 = Release|Any CPU
		{B760325F-1354-48C4-82A7-C20938044B9F}.Release|Any CPU.ActiveCfg = Release|Any CPU
		{B760325F-1354-48C4-82A7-C20938044B9F}.Release|Any CPU.Build.0 = Release|Any CPU
		{D929B954-7164-481F-849E-408B01F4F896}.Debug|Any CPU.ActiveCfg = Debug|Any CPU
		{D929B954-7164-481F-849E-408B01F4F896}.Debug|Any CPU.Build.0 = Debug|Any CPU
		{D929B954-7164-481F-849E-408B01F4F896}.Dev|Any CPU.ActiveCfg = Debug|Any CPU
		{D929B954-7164-481F-849E-408B01F4F896}.Dev|Any CPU.Build.0 = Debug|Any CPU
		{D929B954-7164-481F-849E-408B01F4F896}.Local|Any CPU.ActiveCfg = Debug|Any CPU
		{D929B954-7164-481F-849E-408B01F4F896}.Local|Any CPU.Build.0 = Debug|Any CPU
		{D929B954-7164-481F-849E-408B01F4F896}.Prod|Any CPU.ActiveCfg = Release|Any CPU
		{D929B954-7164-481F-849E-408B01F4F896}.Prod|Any CPU.Build.0 = Release|Any CPU
		{D929B954-7164-481F-849E-408B01F4F896}.Release|Any CPU.ActiveCfg = Release|Any CPU
		{D929B954-7164-481F-849E-408B01F4F896}.Release|Any CPU.Build.0 = Release|Any CPU
		{8F966CE2-8E6C-4771-B6DC-D61C7D7C2F68}.Debug|Any CPU.ActiveCfg = Debug|Any CPU
		{8F966CE2-8E6C-4771-B6DC-D61C7D7C2F68}.Debug|Any CPU.Build.0 = Debug|Any CPU
		{8F966CE2-8E6C-4771-B6DC-D61C7D7C2F68}.Dev|Any CPU.ActiveCfg = Debug|Any CPU
		{8F966CE2-8E6C-4771-B6DC-D61C7D7C2F68}.Dev|Any CPU.Build.0 = Debug|Any CPU
		{8F966CE2-8E6C-4771-B6DC-D61C7D7C2F68}.Local|Any CPU.ActiveCfg = Debug|Any CPU
		{8F966CE2-8E6C-4771-B6DC-D61C7D7C2F68}.Local|Any CPU.Build.0 = Debug|Any CPU
		{8F966CE2-8E6C-4771-B6DC-D61C7D7C2F68}.Prod|Any CPU.ActiveCfg = Release|Any CPU
		{8F966CE2-8E6C-4771-B6DC-D61C7D7C2F68}.Prod|Any CPU.Build.0 = Release|Any CPU
		{8F966CE2-8E6C-4771-B6DC-D61C7D7C2F68}.Release|Any CPU.ActiveCfg = Release|Any CPU
		{8F966CE2-8E6C-4771-B6DC-D61C7D7C2F68}.Release|Any CPU.Build.0 = Release|Any CPU
		{EC7EF62B-3E69-4DC7-A658-E056195D8739}.Debug|Any CPU.ActiveCfg = Debug|Any CPU
		{EC7EF62B-3E69-4DC7-A658-E056195D8739}.Debug|Any CPU.Build.0 = Debug|Any CPU
		{EC7EF62B-3E69-4DC7-A658-E056195D8739}.Dev|Any CPU.ActiveCfg = Debug|Any CPU
		{EC7EF62B-3E69-4DC7-A658-E056195D8739}.Dev|Any CPU.Build.0 = Debug|Any CPU
		{EC7EF62B-3E69-4DC7-A658-E056195D8739}.Local|Any CPU.ActiveCfg = Debug|Any CPU
		{EC7EF62B-3E69-4DC7-A658-E056195D8739}.Local|Any CPU.Build.0 = Debug|Any CPU
		{EC7EF62B-3E69-4DC7-A658-E056195D8739}.Prod|Any CPU.ActiveCfg = Release|Any CPU
		{EC7EF62B-3E69-4DC7-A658-E056195D8739}.Prod|Any CPU.Build.0 = Release|Any CPU
		{EC7EF62B-3E69-4DC7-A658-E056195D8739}.Release|Any CPU.ActiveCfg = Release|Any CPU
		{EC7EF62B-3E69-4DC7-A658-E056195D8739}.Release|Any CPU.Build.0 = Release|Any CPU
		{94D0E9E2-2647-44D9-A62D-9D266AA0C3F7}.Debug|Any CPU.ActiveCfg = Debug|Any CPU
		{94D0E9E2-2647-44D9-A62D-9D266AA0C3F7}.Debug|Any CPU.Build.0 = Debug|Any CPU
		{94D0E9E2-2647-44D9-A62D-9D266AA0C3F7}.Dev|Any CPU.ActiveCfg = Debug|Any CPU
		{94D0E9E2-2647-44D9-A62D-9D266AA0C3F7}.Dev|Any CPU.Build.0 = Debug|Any CPU
		{94D0E9E2-2647-44D9-A62D-9D266AA0C3F7}.Local|Any CPU.ActiveCfg = Debug|Any CPU
		{94D0E9E2-2647-44D9-A62D-9D266AA0C3F7}.Local|Any CPU.Build.0 = Debug|Any CPU
		{94D0E9E2-2647-44D9-A62D-9D266AA0C3F7}.Prod|Any CPU.ActiveCfg = Release|Any CPU
		{94D0E9E2-2647-44D9-A62D-9D266AA0C3F7}.Prod|Any CPU.Build.0 = Release|Any CPU
		{94D0E9E2-2647-44D9-A62D-9D266AA0C3F7}.Release|Any CPU.ActiveCfg = Release|Any CPU
		{94D0E9E2-2647-44D9-A62D-9D266AA0C3F7}.Release|Any CPU.Build.0 = Release|Any CPU
		{E2970C64-154B-4D6B-AFB4-43518C3DFFE5}.Debug|Any CPU.ActiveCfg = Debug|Any CPU
		{E2970C64-154B-4D6B-AFB4-43518C3DFFE5}.Debug|Any CPU.Build.0 = Debug|Any CPU
		{E2970C64-154B-4D6B-AFB4-43518C3DFFE5}.Dev|Any CPU.ActiveCfg = Debug|Any CPU
		{E2970C64-154B-4D6B-AFB4-43518C3DFFE5}.Dev|Any CPU.Build.0 = Debug|Any CPU
		{E2970C64-154B-4D6B-AFB4-43518C3DFFE5}.Local|Any CPU.ActiveCfg = Debug|Any CPU
		{E2970C64-154B-4D6B-AFB4-43518C3DFFE5}.Local|Any CPU.Build.0 = Debug|Any CPU
		{E2970C64-154B-4D6B-AFB4-43518C3DFFE5}.Prod|Any CPU.ActiveCfg = Release|Any CPU
		{E2970C64-154B-4D6B-AFB4-43518C3DFFE5}.Prod|Any CPU.Build.0 = Release|Any CPU
		{E2970C64-154B-4D6B-AFB4-43518C3DFFE5}.Release|Any CPU.ActiveCfg = Release|Any CPU
		{E2970C64-154B-4D6B-AFB4-43518C3DFFE5}.Release|Any CPU.Build.0 = Release|Any CPU
		{C2BEFAD3-D43B-4486-ACB2-A07C44E10CB3}.Debug|Any CPU.ActiveCfg = Debug|Any CPU
		{C2BEFAD3-D43B-4486-ACB2-A07C44E10CB3}.Debug|Any CPU.Build.0 = Debug|Any CPU
		{C2BEFAD3-D43B-4486-ACB2-A07C44E10CB3}.Dev|Any CPU.ActiveCfg = Debug|Any CPU
		{C2BEFAD3-D43B-4486-ACB2-A07C44E10CB3}.Dev|Any CPU.Build.0 = Debug|Any CPU
		{C2BEFAD3-D43B-4486-ACB2-A07C44E10CB3}.Local|Any CPU.ActiveCfg = Debug|Any CPU
		{C2BEFAD3-D43B-4486-ACB2-A07C44E10CB3}.Local|Any CPU.Build.0 = Debug|Any CPU
		{C2BEFAD3-D43B-4486-ACB2-A07C44E10CB3}.Prod|Any CPU.ActiveCfg = Release|Any CPU
		{C2BEFAD3-D43B-4486-ACB2-A07C44E10CB3}.Prod|Any CPU.Build.0 = Release|Any CPU
		{C2BEFAD3-D43B-4486-ACB2-A07C44E10CB3}.Release|Any CPU.ActiveCfg = Release|Any CPU
		{C2BEFAD3-D43B-4486-ACB2-A07C44E10CB3}.Release|Any CPU.Build.0 = Release|Any CPU
		{B7545ED5-12CB-4BED-AABF-45BBDF6AB563}.Debug|Any CPU.ActiveCfg = Debug|Any CPU
		{B7545ED5-12CB-4BED-AABF-45BBDF6AB563}.Debug|Any CPU.Build.0 = Debug|Any CPU
		{B7545ED5-12CB-4BED-AABF-45BBDF6AB563}.Dev|Any CPU.ActiveCfg = Debug|Any CPU
		{B7545ED5-12CB-4BED-AABF-45BBDF6AB563}.Dev|Any CPU.Build.0 = Debug|Any CPU
		{B7545ED5-12CB-4BED-AABF-45BBDF6AB563}.Local|Any CPU.ActiveCfg = Debug|Any CPU
		{B7545ED5-12CB-4BED-AABF-45BBDF6AB563}.Local|Any CPU.Build.0 = Debug|Any CPU
		{B7545ED5-12CB-4BED-AABF-45BBDF6AB563}.Prod|Any CPU.ActiveCfg = Release|Any CPU
		{B7545ED5-12CB-4BED-AABF-45BBDF6AB563}.Prod|Any CPU.Build.0 = Release|Any CPU
		{B7545ED5-12CB-4BED-AABF-45BBDF6AB563}.Release|Any CPU.ActiveCfg = Release|Any CPU
		{B7545ED5-12CB-4BED-AABF-45BBDF6AB563}.Release|Any CPU.Build.0 = Release|Any CPU
		{72B56308-62BF-47B8-9AE4-1C4CEA19CDE5}.Debug|Any CPU.ActiveCfg = Debug|Any CPU
		{72B56308-62BF-47B8-9AE4-1C4CEA19CDE5}.Debug|Any CPU.Build.0 = Debug|Any CPU
		{72B56308-62BF-47B8-9AE4-1C4CEA19CDE5}.Dev|Any CPU.ActiveCfg = Debug|Any CPU
		{72B56308-62BF-47B8-9AE4-1C4CEA19CDE5}.Dev|Any CPU.Build.0 = Debug|Any CPU
		{72B56308-62BF-47B8-9AE4-1C4CEA19CDE5}.Local|Any CPU.ActiveCfg = Debug|Any CPU
		{72B56308-62BF-47B8-9AE4-1C4CEA19CDE5}.Local|Any CPU.Build.0 = Debug|Any CPU
		{72B56308-62BF-47B8-9AE4-1C4CEA19CDE5}.Prod|Any CPU.ActiveCfg = Release|Any CPU
		{72B56308-62BF-47B8-9AE4-1C4CEA19CDE5}.Prod|Any CPU.Build.0 = Release|Any CPU
		{72B56308-62BF-47B8-9AE4-1C4CEA19CDE5}.Release|Any CPU.ActiveCfg = Release|Any CPU
		{72B56308-62BF-47B8-9AE4-1C4CEA19CDE5}.Release|Any CPU.Build.0 = Release|Any CPU
		{F5815CCC-91A1-4778-80B3-A79B83E4EA9E}.Debug|Any CPU.ActiveCfg = Debug|Any CPU
		{F5815CCC-91A1-4778-80B3-A79B83E4EA9E}.Debug|Any CPU.Build.0 = Debug|Any CPU
		{F5815CCC-91A1-4778-80B3-A79B83E4EA9E}.Dev|Any CPU.ActiveCfg = Debug|Any CPU
		{F5815CCC-91A1-4778-80B3-A79B83E4EA9E}.Dev|Any CPU.Build.0 = Debug|Any CPU
		{F5815CCC-91A1-4778-80B3-A79B83E4EA9E}.Local|Any CPU.ActiveCfg = Debug|Any CPU
		{F5815CCC-91A1-4778-80B3-A79B83E4EA9E}.Local|Any CPU.Build.0 = Debug|Any CPU
		{F5815CCC-91A1-4778-80B3-A79B83E4EA9E}.Prod|Any CPU.ActiveCfg = Release|Any CPU
		{F5815CCC-91A1-4778-80B3-A79B83E4EA9E}.Prod|Any CPU.Build.0 = Release|Any CPU
		{F5815CCC-91A1-4778-80B3-A79B83E4EA9E}.Release|Any CPU.ActiveCfg = Release|Any CPU
		{F5815CCC-91A1-4778-80B3-A79B83E4EA9E}.Release|Any CPU.Build.0 = Release|Any CPU
		{4C910F3E-2C7C-4678-9AD1-0A369120C6AC}.Debug|Any CPU.ActiveCfg = Debug|Any CPU
		{4C910F3E-2C7C-4678-9AD1-0A369120C6AC}.Debug|Any CPU.Build.0 = Debug|Any CPU
		{4C910F3E-2C7C-4678-9AD1-0A369120C6AC}.Dev|Any CPU.ActiveCfg = Debug|Any CPU
		{4C910F3E-2C7C-4678-9AD1-0A369120C6AC}.Dev|Any CPU.Build.0 = Debug|Any CPU
		{4C910F3E-2C7C-4678-9AD1-0A369120C6AC}.Local|Any CPU.ActiveCfg = Debug|Any CPU
		{4C910F3E-2C7C-4678-9AD1-0A369120C6AC}.Local|Any CPU.Build.0 = Debug|Any CPU
		{4C910F3E-2C7C-4678-9AD1-0A369120C6AC}.Prod|Any CPU.ActiveCfg = Debug|Any CPU
		{4C910F3E-2C7C-4678-9AD1-0A369120C6AC}.Prod|Any CPU.Build.0 = Debug|Any CPU
		{4C910F3E-2C7C-4678-9AD1-0A369120C6AC}.Release|Any CPU.ActiveCfg = Release|Any CPU
		{4C910F3E-2C7C-4678-9AD1-0A369120C6AC}.Release|Any CPU.Build.0 = Release|Any CPU
		{FAEAB95B-E035-4294-B86A-BF959F726B42}.Debug|Any CPU.ActiveCfg = Debug|Any CPU
		{FAEAB95B-E035-4294-B86A-BF959F726B42}.Debug|Any CPU.Build.0 = Debug|Any CPU
		{FAEAB95B-E035-4294-B86A-BF959F726B42}.Dev|Any CPU.ActiveCfg = Debug|Any CPU
		{FAEAB95B-E035-4294-B86A-BF959F726B42}.Dev|Any CPU.Build.0 = Debug|Any CPU
		{FAEAB95B-E035-4294-B86A-BF959F726B42}.Local|Any CPU.ActiveCfg = Debug|Any CPU
		{FAEAB95B-E035-4294-B86A-BF959F726B42}.Local|Any CPU.Build.0 = Debug|Any CPU
		{FAEAB95B-E035-4294-B86A-BF959F726B42}.Prod|Any CPU.ActiveCfg = Debug|Any CPU
		{FAEAB95B-E035-4294-B86A-BF959F726B42}.Prod|Any CPU.Build.0 = Debug|Any CPU
		{FAEAB95B-E035-4294-B86A-BF959F726B42}.Release|Any CPU.ActiveCfg = Release|Any CPU
		{FAEAB95B-E035-4294-B86A-BF959F726B42}.Release|Any CPU.Build.0 = Release|Any CPU
		{90A51026-9E5E-485E-A100-4E4D9C7B532B}.Debug|Any CPU.ActiveCfg = Debug|Any CPU
		{90A51026-9E5E-485E-A100-4E4D9C7B532B}.Debug|Any CPU.Build.0 = Debug|Any CPU
		{90A51026-9E5E-485E-A100-4E4D9C7B532B}.Dev|Any CPU.ActiveCfg = Debug|Any CPU
		{90A51026-9E5E-485E-A100-4E4D9C7B532B}.Dev|Any CPU.Build.0 = Debug|Any CPU
		{90A51026-9E5E-485E-A100-4E4D9C7B532B}.Local|Any CPU.ActiveCfg = Debug|Any CPU
		{90A51026-9E5E-485E-A100-4E4D9C7B532B}.Local|Any CPU.Build.0 = Debug|Any CPU
		{90A51026-9E5E-485E-A100-4E4D9C7B532B}.Prod|Any CPU.ActiveCfg = Debug|Any CPU
		{90A51026-9E5E-485E-A100-4E4D9C7B532B}.Prod|Any CPU.Build.0 = Debug|Any CPU
		{90A51026-9E5E-485E-A100-4E4D9C7B532B}.Release|Any CPU.ActiveCfg = Release|Any CPU
		{90A51026-9E5E-485E-A100-4E4D9C7B532B}.Release|Any CPU.Build.0 = Release|Any CPU
		{53F8D38D-2FAD-4122-89B1-FA75ED5AC391}.Debug|Any CPU.ActiveCfg = Debug|Any CPU
		{53F8D38D-2FAD-4122-89B1-FA75ED5AC391}.Debug|Any CPU.Build.0 = Debug|Any CPU
		{53F8D38D-2FAD-4122-89B1-FA75ED5AC391}.Dev|Any CPU.ActiveCfg = Debug|Any CPU
		{53F8D38D-2FAD-4122-89B1-FA75ED5AC391}.Dev|Any CPU.Build.0 = Debug|Any CPU
		{53F8D38D-2FAD-4122-89B1-FA75ED5AC391}.Local|Any CPU.ActiveCfg = Debug|Any CPU
		{53F8D38D-2FAD-4122-89B1-FA75ED5AC391}.Local|Any CPU.Build.0 = Debug|Any CPU
		{53F8D38D-2FAD-4122-89B1-FA75ED5AC391}.Prod|Any CPU.ActiveCfg = Debug|Any CPU
		{53F8D38D-2FAD-4122-89B1-FA75ED5AC391}.Prod|Any CPU.Build.0 = Debug|Any CPU
		{53F8D38D-2FAD-4122-89B1-FA75ED5AC391}.Release|Any CPU.ActiveCfg = Release|Any CPU
		{53F8D38D-2FAD-4122-89B1-FA75ED5AC391}.Release|Any CPU.Build.0 = Release|Any CPU
		{4C3BE91C-3118-40B0-9C12-C9CBF9CA1ECE}.Debug|Any CPU.ActiveCfg = Debug|Any CPU
		{4C3BE91C-3118-40B0-9C12-C9CBF9CA1ECE}.Debug|Any CPU.Build.0 = Debug|Any CPU
		{4C3BE91C-3118-40B0-9C12-C9CBF9CA1ECE}.Dev|Any CPU.ActiveCfg = Debug|Any CPU
		{4C3BE91C-3118-40B0-9C12-C9CBF9CA1ECE}.Dev|Any CPU.Build.0 = Debug|Any CPU
		{4C3BE91C-3118-40B0-9C12-C9CBF9CA1ECE}.Local|Any CPU.ActiveCfg = Debug|Any CPU
		{4C3BE91C-3118-40B0-9C12-C9CBF9CA1ECE}.Local|Any CPU.Build.0 = Debug|Any CPU
		{4C3BE91C-3118-40B0-9C12-C9CBF9CA1ECE}.Prod|Any CPU.ActiveCfg = Debug|Any CPU
		{4C3BE91C-3118-40B0-9C12-C9CBF9CA1ECE}.Prod|Any CPU.Build.0 = Debug|Any CPU
		{4C3BE91C-3118-40B0-9C12-C9CBF9CA1ECE}.Release|Any CPU.ActiveCfg = Release|Any CPU
		{4C3BE91C-3118-40B0-9C12-C9CBF9CA1ECE}.Release|Any CPU.Build.0 = Release|Any CPU
		{FF672889-28F2-4DE9-80C1-0C42BD97DC72}.Debug|Any CPU.ActiveCfg = Debug|Any CPU
		{FF672889-28F2-4DE9-80C1-0C42BD97DC72}.Debug|Any CPU.Build.0 = Debug|Any CPU
		{FF672889-28F2-4DE9-80C1-0C42BD97DC72}.Dev|Any CPU.ActiveCfg = Debug|Any CPU
		{FF672889-28F2-4DE9-80C1-0C42BD97DC72}.Dev|Any CPU.Build.0 = Debug|Any CPU
		{FF672889-28F2-4DE9-80C1-0C42BD97DC72}.Local|Any CPU.ActiveCfg = Debug|Any CPU
		{FF672889-28F2-4DE9-80C1-0C42BD97DC72}.Local|Any CPU.Build.0 = Debug|Any CPU
		{FF672889-28F2-4DE9-80C1-0C42BD97DC72}.Prod|Any CPU.ActiveCfg = Debug|Any CPU
		{FF672889-28F2-4DE9-80C1-0C42BD97DC72}.Prod|Any CPU.Build.0 = Debug|Any CPU
		{FF672889-28F2-4DE9-80C1-0C42BD97DC72}.Release|Any CPU.ActiveCfg = Release|Any CPU
		{FF672889-28F2-4DE9-80C1-0C42BD97DC72}.Release|Any CPU.Build.0 = Release|Any CPU
		{69C458D0-18FB-485C-92D3-C0CF33B3A7AD}.Debug|Any CPU.ActiveCfg = Debug|Any CPU
		{69C458D0-18FB-485C-92D3-C0CF33B3A7AD}.Debug|Any CPU.Build.0 = Debug|Any CPU
		{69C458D0-18FB-485C-92D3-C0CF33B3A7AD}.Dev|Any CPU.ActiveCfg = Debug|Any CPU
		{69C458D0-18FB-485C-92D3-C0CF33B3A7AD}.Dev|Any CPU.Build.0 = Debug|Any CPU
		{69C458D0-18FB-485C-92D3-C0CF33B3A7AD}.Local|Any CPU.ActiveCfg = Debug|Any CPU
		{69C458D0-18FB-485C-92D3-C0CF33B3A7AD}.Local|Any CPU.Build.0 = Debug|Any CPU
		{69C458D0-18FB-485C-92D3-C0CF33B3A7AD}.Prod|Any CPU.ActiveCfg = Debug|Any CPU
		{69C458D0-18FB-485C-92D3-C0CF33B3A7AD}.Prod|Any CPU.Build.0 = Debug|Any CPU
		{69C458D0-18FB-485C-92D3-C0CF33B3A7AD}.Release|Any CPU.ActiveCfg = Release|Any CPU
		{69C458D0-18FB-485C-92D3-C0CF33B3A7AD}.Release|Any CPU.Build.0 = Release|Any CPU
		{B3BB7190-FAF0-49BA-A087-4FB6EFB3FCD8}.Debug|Any CPU.ActiveCfg = Debug|Any CPU
		{B3BB7190-FAF0-49BA-A087-4FB6EFB3FCD8}.Debug|Any CPU.Build.0 = Debug|Any CPU
		{B3BB7190-FAF0-49BA-A087-4FB6EFB3FCD8}.Dev|Any CPU.ActiveCfg = Debug|Any CPU
		{B3BB7190-FAF0-49BA-A087-4FB6EFB3FCD8}.Dev|Any CPU.Build.0 = Debug|Any CPU
		{B3BB7190-FAF0-49BA-A087-4FB6EFB3FCD8}.Local|Any CPU.ActiveCfg = Debug|Any CPU
		{B3BB7190-FAF0-49BA-A087-4FB6EFB3FCD8}.Local|Any CPU.Build.0 = Debug|Any CPU
		{B3BB7190-FAF0-49BA-A087-4FB6EFB3FCD8}.Prod|Any CPU.ActiveCfg = Debug|Any CPU
		{B3BB7190-FAF0-49BA-A087-4FB6EFB3FCD8}.Prod|Any CPU.Build.0 = Debug|Any CPU
		{B3BB7190-FAF0-49BA-A087-4FB6EFB3FCD8}.Release|Any CPU.ActiveCfg = Release|Any CPU
		{B3BB7190-FAF0-49BA-A087-4FB6EFB3FCD8}.Release|Any CPU.Build.0 = Release|Any CPU
	EndGlobalSection
	GlobalSection(SolutionProperties) = preSolution
		HideSolutionNode = FALSE
	EndGlobalSection
	GlobalSection(NestedProjects) = preSolution
		{ED183CF9-A9F7-48AD-A80C-AEEEC4707A49} = {A5EE41D9-0313-4CCC-91E7-BC33DD837255}
		{4369DC8B-EFAF-402E-846F-1363802BDE9D} = {90FFD5D5-B459-40CE-94B7-43C5BE325920}
		{5719A3DC-969C-47EB-AC5A-22CD7C774183} = {90FFD5D5-B459-40CE-94B7-43C5BE325920}
		{76041EC0-127F-4B47-9B23-9CB5A9270CE8} = {3BBEE9C8-151C-4D3B-A9D6-0AC0896F9C5D}
		{5E0F5EB5-7AD4-4ED1-A793-A9FB44F07828} = {3BBEE9C8-151C-4D3B-A9D6-0AC0896F9C5D}
		{58E1AB5E-BBAF-488D-A70C-46F65698B2F5} = {63A9ECB6-36FE-44A4-A0D9-B296CB1227CC}
		{CB1A9D63-E1E9-474E-B37F-7CEE794737D5} = {63A9ECB6-36FE-44A4-A0D9-B296CB1227CC}
		{29DC4647-3C51-4D2D-9336-52CABB0B6374} = {58E1AB5E-BBAF-488D-A70C-46F65698B2F5}
		{09D24865-63AB-46AC-A321-0451F71E6A84} = {58E1AB5E-BBAF-488D-A70C-46F65698B2F5}
		{70B369D6-9CE0-4493-9F74-BB11ECFFFB5E} = {58E1AB5E-BBAF-488D-A70C-46F65698B2F5}
		{D7749B30-B389-4300-9F53-34810BCD16C5} = {F28F8D8B-54FF-4A7E-A115-EBF60EBCD05E}
		{1B01A510-84B5-4B65-8FBF-69D95154C8EC} = {F28F8D8B-54FF-4A7E-A115-EBF60EBCD05E}
		{77A83DF0-D5FB-4762-8E7E-33DCCCB84890} = {A5EE41D9-0313-4CCC-91E7-BC33DD837255}
		{34606990-F4C1-4230-A878-6E33BBE65F90} = {A5EE41D9-0313-4CCC-91E7-BC33DD837255}
		{1CC88157-BB94-437D-93E5-EE2218ADEC42} = {63A9ECB6-36FE-44A4-A0D9-B296CB1227CC}
		{5729E071-589D-4A4F-B2DD-E562E3852E2C} = {1CC88157-BB94-437D-93E5-EE2218ADEC42}
		{BC4B5DF3-93DF-4EBE-A643-C782D06A9237} = {1CC88157-BB94-437D-93E5-EE2218ADEC42}
		{B760325F-1354-48C4-82A7-C20938044B9F} = {F28F8D8B-54FF-4A7E-A115-EBF60EBCD05E}
		{D929B954-7164-481F-849E-408B01F4F896} = {A5EE41D9-0313-4CCC-91E7-BC33DD837255}
		{D488219B-D146-4C85-A7A4-74659F420AED} = {63A9ECB6-36FE-44A4-A0D9-B296CB1227CC}
		{8F966CE2-8E6C-4771-B6DC-D61C7D7C2F68} = {D488219B-D146-4C85-A7A4-74659F420AED}
		{EC7EF62B-3E69-4DC7-A658-E056195D8739} = {D488219B-D146-4C85-A7A4-74659F420AED}
		{94D0E9E2-2647-44D9-A62D-9D266AA0C3F7} = {D488219B-D146-4C85-A7A4-74659F420AED}
		{A64D54EB-D481-490A-A594-331A5E750A09} = {63A9ECB6-36FE-44A4-A0D9-B296CB1227CC}
		{E2970C64-154B-4D6B-AFB4-43518C3DFFE5} = {A64D54EB-D481-490A-A594-331A5E750A09}
		{C2BEFAD3-D43B-4486-ACB2-A07C44E10CB3} = {A64D54EB-D481-490A-A594-331A5E750A09}
		{B7545ED5-12CB-4BED-AABF-45BBDF6AB563} = {A64D54EB-D481-490A-A594-331A5E750A09}
		{72B56308-62BF-47B8-9AE4-1C4CEA19CDE5} = {A64D54EB-D481-490A-A594-331A5E750A09}
		{F5815CCC-91A1-4778-80B3-A79B83E4EA9E} = {A64D54EB-D481-490A-A594-331A5E750A09}
		{4C910F3E-2C7C-4678-9AD1-0A369120C6AC} = {C7955113-83F6-4A23-9B80-E19BB971B987}
		{90A51026-9E5E-485E-A100-4E4D9C7B532B} = {CB1A9D63-E1E9-474E-B37F-7CEE794737D5}
		{53F8D38D-2FAD-4122-89B1-FA75ED5AC391} = {CB1A9D63-E1E9-474E-B37F-7CEE794737D5}
		{4C3BE91C-3118-40B0-9C12-C9CBF9CA1ECE} = {F33BD451-E2B6-494C-8F4F-ABDCBCBCC1EF}
		{FF672889-28F2-4DE9-80C1-0C42BD97DC72} = {F33BD451-E2B6-494C-8F4F-ABDCBCBCC1EF}
		{69C458D0-18FB-485C-92D3-C0CF33B3A7AD} = {F33BD451-E2B6-494C-8F4F-ABDCBCBCC1EF}
		{B3BB7190-FAF0-49BA-A087-4FB6EFB3FCD8} = {CB1A9D63-E1E9-474E-B37F-7CEE794737D5}
	EndGlobalSection
	GlobalSection(ExtensibilityGlobals) = postSolution
		SolutionGuid = {95900FA0-2265-439A-A0C0-F00007EBCBE9}
	EndGlobalSection
EndGlobal
